// !$*UTF8*$!
{
	archiveVersion = 1;
	classes = {
	};
	objectVersion = 56;
	objects = {

/* Begin PBXBuildFile section */
		78A61CC92C7DF9E5005F6808 /* MovieTableViewCell.swift in Sources */ = {isa = PBXBuildFile; fileRef = 78A61CC82C7DF9E5005F6808 /* MovieTableViewCell.swift */; };
		78A61CCB2C7DFB3C005F6808 /* MoviesTableViewExtension.swift in Sources */ = {isa = PBXBuildFile; fileRef = 78A61CCA2C7DFB3C005F6808 /* MoviesTableViewExtension.swift */; };
		78A61CCD2C7DFD76005F6808 /* MovieInfoViewController.swift in Sources */ = {isa = PBXBuildFile; fileRef = 78A61CCC2C7DFD76005F6808 /* MovieInfoViewController.swift */; };
		78AEC59C2CAFF2BA00FBD8E7 /* GoogleService-Info.plist in Resources */ = {isa = PBXBuildFile; fileRef = 78AEC59B2CAFF2BA00FBD8E7 /* GoogleService-Info.plist */; };
		78AEC5AA2CAFF64D00FBD8E7 /* FirebaseAnalytics in Frameworks */ = {isa = PBXBuildFile; productRef = 78AEC5A92CAFF64D00FBD8E7 /* FirebaseAnalytics */; };
		78AEC5AC2CAFF64D00FBD8E7 /* FirebaseAnalyticsOnDeviceConversion in Frameworks */ = {isa = PBXBuildFile; productRef = 78AEC5AB2CAFF64D00FBD8E7 /* FirebaseAnalyticsOnDeviceConversion */; };
		78AEC5AE2CAFF64D00FBD8E7 /* FirebaseAnalyticsWithoutAdIdSupport in Frameworks */ = {isa = PBXBuildFile; productRef = 78AEC5AD2CAFF64D00FBD8E7 /* FirebaseAnalyticsWithoutAdIdSupport */; };
		78AEC5B02CAFF64D00FBD8E7 /* FirebaseAppCheck in Frameworks */ = {isa = PBXBuildFile; productRef = 78AEC5AF2CAFF64D00FBD8E7 /* FirebaseAppCheck */; };
		78AEC5B22CAFF64D00FBD8E7 /* FirebaseAppDistribution-Beta in Frameworks */ = {isa = PBXBuildFile; productRef = 78AEC5B12CAFF64D00FBD8E7 /* FirebaseAppDistribution-Beta */; };
		78AEC5B42CAFF64D00FBD8E7 /* FirebaseAuth in Frameworks */ = {isa = PBXBuildFile; productRef = 78AEC5B32CAFF64D00FBD8E7 /* FirebaseAuth */; };
		78AEC5B62CAFF64D00FBD8E7 /* FirebaseAuthCombine-Community in Frameworks */ = {isa = PBXBuildFile; productRef = 78AEC5B52CAFF64D00FBD8E7 /* FirebaseAuthCombine-Community */; };
		78AEC5B82CAFF64D00FBD8E7 /* FirebaseCore in Frameworks */ = {isa = PBXBuildFile; productRef = 78AEC5B72CAFF64D00FBD8E7 /* FirebaseCore */; };
		78AEC5BA2CAFF64D00FBD8E7 /* FirebaseCrashlytics in Frameworks */ = {isa = PBXBuildFile; productRef = 78AEC5B92CAFF64D00FBD8E7 /* FirebaseCrashlytics */; };
		78AEC5BC2CAFF64D00FBD8E7 /* FirebaseDatabase in Frameworks */ = {isa = PBXBuildFile; productRef = 78AEC5BB2CAFF64D00FBD8E7 /* FirebaseDatabase */; };
		78AEC5BE2CAFF64D00FBD8E7 /* FirebaseDynamicLinks in Frameworks */ = {isa = PBXBuildFile; productRef = 78AEC5BD2CAFF64D00FBD8E7 /* FirebaseDynamicLinks */; };
		78AEC5C02CAFF64D00FBD8E7 /* FirebaseFirestore in Frameworks */ = {isa = PBXBuildFile; productRef = 78AEC5BF2CAFF64D00FBD8E7 /* FirebaseFirestore */; };
		78AEC5C22CAFF64D00FBD8E7 /* FirebaseFirestoreCombine-Community in Frameworks */ = {isa = PBXBuildFile; productRef = 78AEC5C12CAFF64D00FBD8E7 /* FirebaseFirestoreCombine-Community */; };
		78AEC5C42CAFF64D00FBD8E7 /* FirebaseFunctions in Frameworks */ = {isa = PBXBuildFile; productRef = 78AEC5C32CAFF64D00FBD8E7 /* FirebaseFunctions */; };
		78AEC5C62CAFF64D00FBD8E7 /* FirebaseFunctionsCombine-Community in Frameworks */ = {isa = PBXBuildFile; productRef = 78AEC5C52CAFF64D00FBD8E7 /* FirebaseFunctionsCombine-Community */; };
		78AEC5C82CAFF64D00FBD8E7 /* FirebaseInAppMessaging-Beta in Frameworks */ = {isa = PBXBuildFile; productRef = 78AEC5C72CAFF64D00FBD8E7 /* FirebaseInAppMessaging-Beta */; };
		78AEC5CA2CAFF64D00FBD8E7 /* FirebaseInstallations in Frameworks */ = {isa = PBXBuildFile; productRef = 78AEC5C92CAFF64D00FBD8E7 /* FirebaseInstallations */; };
		78AEC5CC2CAFF64D00FBD8E7 /* FirebaseMLModelDownloader in Frameworks */ = {isa = PBXBuildFile; productRef = 78AEC5CB2CAFF64D00FBD8E7 /* FirebaseMLModelDownloader */; };
		78AEC5CE2CAFF64D00FBD8E7 /* FirebaseMessaging in Frameworks */ = {isa = PBXBuildFile; productRef = 78AEC5CD2CAFF64D00FBD8E7 /* FirebaseMessaging */; };
		78AEC5D02CAFF64D00FBD8E7 /* FirebasePerformance in Frameworks */ = {isa = PBXBuildFile; productRef = 78AEC5CF2CAFF64D00FBD8E7 /* FirebasePerformance */; };
		78AEC5D22CAFF64D00FBD8E7 /* FirebaseRemoteConfig in Frameworks */ = {isa = PBXBuildFile; productRef = 78AEC5D12CAFF64D00FBD8E7 /* FirebaseRemoteConfig */; };
		78AEC5D42CAFF64D00FBD8E7 /* FirebaseStorage in Frameworks */ = {isa = PBXBuildFile; productRef = 78AEC5D32CAFF64D00FBD8E7 /* FirebaseStorage */; };
		78AEC5D62CAFF64D00FBD8E7 /* FirebaseStorageCombine-Community in Frameworks */ = {isa = PBXBuildFile; productRef = 78AEC5D52CAFF64D00FBD8E7 /* FirebaseStorageCombine-Community */; };
		78AEC5D82CAFF64D00FBD8E7 /* FirebaseVertexAI-Preview in Frameworks */ = {isa = PBXBuildFile; productRef = 78AEC5D72CAFF64D00FBD8E7 /* FirebaseVertexAI-Preview */; };
		78AEC5DB2CAFF78600FBD8E7 /* FireBaseAnalytics.swift in Sources */ = {isa = PBXBuildFile; fileRef = 78AEC5DA2CAFF78600FBD8E7 /* FireBaseAnalytics.swift */; };
		78C7AE892C7F23A4001B5AFD /* MoviesViewModel.swift in Sources */ = {isa = PBXBuildFile; fileRef = 78C7AE882C7F23A4001B5AFD /* MoviesViewModel.swift */; };
		78C7AE8B2C7F2B57001B5AFD /* Movie.swift in Sources */ = {isa = PBXBuildFile; fileRef = 78C7AE8A2C7F2B57001B5AFD /* Movie.swift */; };
		78C7AE8F2C7F474B001B5AFD /* ImageCache.swift in Sources */ = {isa = PBXBuildFile; fileRef = 78C7AE8E2C7F474B001B5AFD /* ImageCache.swift */; };
		78C7AE912C7F50C9001B5AFD /* MovieCellViewModel.swift in Sources */ = {isa = PBXBuildFile; fileRef = 78C7AE902C7F50C9001B5AFD /* MovieCellViewModel.swift */; };
		78E169DD2C7CE1E50081BE53 /* AppDelegate.swift in Sources */ = {isa = PBXBuildFile; fileRef = 78E169DC2C7CE1E50081BE53 /* AppDelegate.swift */; };
		78E169DF2C7CE1E50081BE53 /* SceneDelegate.swift in Sources */ = {isa = PBXBuildFile; fileRef = 78E169DE2C7CE1E50081BE53 /* SceneDelegate.swift */; };
		78E169E42C7CE1E50081BE53 /* Base in Resources */ = {isa = PBXBuildFile; fileRef = 78E169E32C7CE1E50081BE53 /* Base */; };
		78E169E62C7CE1E60081BE53 /* Assets.xcassets in Resources */ = {isa = PBXBuildFile; fileRef = 78E169E52C7CE1E60081BE53 /* Assets.xcassets */; };
		78E169E92C7CE1E60081BE53 /* Base in Resources */ = {isa = PBXBuildFile; fileRef = 78E169E82C7CE1E60081BE53 /* Base */; };
		78E169F42C7CE1E60081BE53 /* Wisdom_Leaf_TaskTests.swift in Sources */ = {isa = PBXBuildFile; fileRef = 78E169F32C7CE1E60081BE53 /* Wisdom_Leaf_TaskTests.swift */; };
		78E169FE2C7CE1E60081BE53 /* Wisdom_Leaf_TaskUITests.swift in Sources */ = {isa = PBXBuildFile; fileRef = 78E169FD2C7CE1E60081BE53 /* Wisdom_Leaf_TaskUITests.swift */; };
		78E16A002C7CE1E60081BE53 /* Wisdom_Leaf_TaskUITestsLaunchTests.swift in Sources */ = {isa = PBXBuildFile; fileRef = 78E169FF2C7CE1E60081BE53 /* Wisdom_Leaf_TaskUITestsLaunchTests.swift */; };
		78E16A182C7DDA2C0081BE53 /* MoviesViewController.swift in Sources */ = {isa = PBXBuildFile; fileRef = 78E16A172C7DDA2C0081BE53 /* MoviesViewController.swift */; };
		78E16A1A2C7DDA7C0081BE53 /* FavouriteMoviesViewController.swift in Sources */ = {isa = PBXBuildFile; fileRef = 78E16A192C7DDA7C0081BE53 /* FavouriteMoviesViewController.swift */; };
		78E16A1C2C7DE2490081BE53 /* SplashViewController.swift in Sources */ = {isa = PBXBuildFile; fileRef = 78E16A1B2C7DE2490081BE53 /* SplashViewController.swift */; };
		78E16A1E2C7DE35A0081BE53 /* OMDBTabBarController.swift in Sources */ = {isa = PBXBuildFile; fileRef = 78E16A1D2C7DE35A0081BE53 /* OMDBTabBarController.swift */; };
		78F5B1692C7F8CA500EF6ECF /* MovieByIDApiResponseModel.swift in Sources */ = {isa = PBXBuildFile; fileRef = 78F5B1682C7F8CA500EF6ECF /* MovieByIDApiResponseModel.swift */; };
		78F5B16B2C803E6900EF6ECF /* MovieCollectionItem.swift in Sources */ = {isa = PBXBuildFile; fileRef = 78F5B16A2C803E6900EF6ECF /* MovieCollectionItem.swift */; };
		78F5B16D2C80443800EF6ECF /* FavoriteMovieCollectionViewExtension.swift in Sources */ = {isa = PBXBuildFile; fileRef = 78F5B16C2C80443800EF6ECF /* FavoriteMovieCollectionViewExtension.swift */; };
		78F5B1772C80540200EF6ECF /* MovieInfoViewModel.swift in Sources */ = {isa = PBXBuildFile; fileRef = 78F5B1762C80540200EF6ECF /* MovieInfoViewModel.swift */; };
		78F5B1792C806A6400EF6ECF /* FavoriteMoviesViewModel.swift in Sources */ = {isa = PBXBuildFile; fileRef = 78F5B1782C806A6400EF6ECF /* FavoriteMoviesViewModel.swift */; };
/* End PBXBuildFile section */

/* Begin PBXContainerItemProxy section */
		78E169F02C7CE1E60081BE53 /* PBXContainerItemProxy */ = {
			isa = PBXContainerItemProxy;
			containerPortal = 78E169D12C7CE1E50081BE53 /* Project object */;
			proxyType = 1;
			remoteGlobalIDString = 78E169D82C7CE1E50081BE53;
			remoteInfo = Wisdom_Leaf_Task;
		};
		78E169FA2C7CE1E60081BE53 /* PBXContainerItemProxy */ = {
			isa = PBXContainerItemProxy;
			containerPortal = 78E169D12C7CE1E50081BE53 /* Project object */;
			proxyType = 1;
			remoteGlobalIDString = 78E169D82C7CE1E50081BE53;
			remoteInfo = Wisdom_Leaf_Task;
		};
/* End PBXContainerItemProxy section */

/* Begin PBXFileReference section */
		78A61CC82C7DF9E5005F6808 /* MovieTableViewCell.swift */ = {isa = PBXFileReference; lastKnownFileType = sourcecode.swift; path = MovieTableViewCell.swift; sourceTree = "<group>"; };
		78A61CCA2C7DFB3C005F6808 /* MoviesTableViewExtension.swift */ = {isa = PBXFileReference; lastKnownFileType = sourcecode.swift; path = MoviesTableViewExtension.swift; sourceTree = "<group>"; };
		78A61CCC2C7DFD76005F6808 /* MovieInfoViewController.swift */ = {isa = PBXFileReference; lastKnownFileType = sourcecode.swift; path = MovieInfoViewController.swift; sourceTree = "<group>"; };
		78AEC59B2CAFF2BA00FBD8E7 /* GoogleService-Info.plist */ = {isa = PBXFileReference; fileEncoding = 4; lastKnownFileType = text.plist.xml; path = "GoogleService-Info.plist"; sourceTree = "<group>"; };
		78AEC5DA2CAFF78600FBD8E7 /* FireBaseAnalytics.swift */ = {isa = PBXFileReference; lastKnownFileType = sourcecode.swift; path = FireBaseAnalytics.swift; sourceTree = "<group>"; };
		78C7AE882C7F23A4001B5AFD /* MoviesViewModel.swift */ = {isa = PBXFileReference; lastKnownFileType = sourcecode.swift; path = MoviesViewModel.swift; sourceTree = "<group>"; };
		78C7AE8A2C7F2B57001B5AFD /* Movie.swift */ = {isa = PBXFileReference; lastKnownFileType = sourcecode.swift; path = Movie.swift; sourceTree = "<group>"; };
		78C7AE8E2C7F474B001B5AFD /* ImageCache.swift */ = {isa = PBXFileReference; lastKnownFileType = sourcecode.swift; path = ImageCache.swift; sourceTree = "<group>"; };
		78C7AE902C7F50C9001B5AFD /* MovieCellViewModel.swift */ = {isa = PBXFileReference; lastKnownFileType = sourcecode.swift; path = MovieCellViewModel.swift; sourceTree = "<group>"; };
		78E169D92C7CE1E50081BE53 /* Wisdom_Leaf_Task.app */ = {isa = PBXFileReference; explicitFileType = wrapper.application; includeInIndex = 0; path = Wisdom_Leaf_Task.app; sourceTree = BUILT_PRODUCTS_DIR; };
		78E169DC2C7CE1E50081BE53 /* AppDelegate.swift */ = {isa = PBXFileReference; lastKnownFileType = sourcecode.swift; path = AppDelegate.swift; sourceTree = "<group>"; };
		78E169DE2C7CE1E50081BE53 /* SceneDelegate.swift */ = {isa = PBXFileReference; lastKnownFileType = sourcecode.swift; path = SceneDelegate.swift; sourceTree = "<group>"; };
		78E169E32C7CE1E50081BE53 /* Base */ = {isa = PBXFileReference; lastKnownFileType = file.storyboard; name = Base; path = Base.lproj/Main.storyboard; sourceTree = "<group>"; };
		78E169E52C7CE1E60081BE53 /* Assets.xcassets */ = {isa = PBXFileReference; lastKnownFileType = folder.assetcatalog; path = Assets.xcassets; sourceTree = "<group>"; };
		78E169E82C7CE1E60081BE53 /* Base */ = {isa = PBXFileReference; lastKnownFileType = file.storyboard; name = Base; path = Base.lproj/LaunchScreen.storyboard; sourceTree = "<group>"; };
		78E169EA2C7CE1E60081BE53 /* Info.plist */ = {isa = PBXFileReference; lastKnownFileType = text.plist.xml; path = Info.plist; sourceTree = "<group>"; };
		78E169EF2C7CE1E60081BE53 /* Wisdom_Leaf_TaskTests.xctest */ = {isa = PBXFileReference; explicitFileType = wrapper.cfbundle; includeInIndex = 0; path = Wisdom_Leaf_TaskTests.xctest; sourceTree = BUILT_PRODUCTS_DIR; };
		78E169F32C7CE1E60081BE53 /* Wisdom_Leaf_TaskTests.swift */ = {isa = PBXFileReference; lastKnownFileType = sourcecode.swift; path = Wisdom_Leaf_TaskTests.swift; sourceTree = "<group>"; };
		78E169F92C7CE1E60081BE53 /* Wisdom_Leaf_TaskUITests.xctest */ = {isa = PBXFileReference; explicitFileType = wrapper.cfbundle; includeInIndex = 0; path = Wisdom_Leaf_TaskUITests.xctest; sourceTree = BUILT_PRODUCTS_DIR; };
		78E169FD2C7CE1E60081BE53 /* Wisdom_Leaf_TaskUITests.swift */ = {isa = PBXFileReference; lastKnownFileType = sourcecode.swift; path = Wisdom_Leaf_TaskUITests.swift; sourceTree = "<group>"; };
		78E169FF2C7CE1E60081BE53 /* Wisdom_Leaf_TaskUITestsLaunchTests.swift */ = {isa = PBXFileReference; lastKnownFileType = sourcecode.swift; path = Wisdom_Leaf_TaskUITestsLaunchTests.swift; sourceTree = "<group>"; };
		78E16A172C7DDA2C0081BE53 /* MoviesViewController.swift */ = {isa = PBXFileReference; lastKnownFileType = sourcecode.swift; path = MoviesViewController.swift; sourceTree = "<group>"; };
		78E16A192C7DDA7C0081BE53 /* FavouriteMoviesViewController.swift */ = {isa = PBXFileReference; lastKnownFileType = sourcecode.swift; path = FavouriteMoviesViewController.swift; sourceTree = "<group>"; };
		78E16A1B2C7DE2490081BE53 /* SplashViewController.swift */ = {isa = PBXFileReference; lastKnownFileType = sourcecode.swift; path = SplashViewController.swift; sourceTree = "<group>"; };
		78E16A1D2C7DE35A0081BE53 /* OMDBTabBarController.swift */ = {isa = PBXFileReference; lastKnownFileType = sourcecode.swift; path = OMDBTabBarController.swift; sourceTree = "<group>"; };
		78F5B1682C7F8CA500EF6ECF /* MovieByIDApiResponseModel.swift */ = {isa = PBXFileReference; lastKnownFileType = sourcecode.swift; path = MovieByIDApiResponseModel.swift; sourceTree = "<group>"; };
		78F5B16A2C803E6900EF6ECF /* MovieCollectionItem.swift */ = {isa = PBXFileReference; lastKnownFileType = sourcecode.swift; path = MovieCollectionItem.swift; sourceTree = "<group>"; };
		78F5B16C2C80443800EF6ECF /* FavoriteMovieCollectionViewExtension.swift */ = {isa = PBXFileReference; lastKnownFileType = sourcecode.swift; path = FavoriteMovieCollectionViewExtension.swift; sourceTree = "<group>"; };
		78F5B1762C80540200EF6ECF /* MovieInfoViewModel.swift */ = {isa = PBXFileReference; lastKnownFileType = sourcecode.swift; path = MovieInfoViewModel.swift; sourceTree = "<group>"; };
		78F5B1782C806A6400EF6ECF /* FavoriteMoviesViewModel.swift */ = {isa = PBXFileReference; lastKnownFileType = sourcecode.swift; path = FavoriteMoviesViewModel.swift; sourceTree = "<group>"; };
/* End PBXFileReference section */

/* Begin PBXFrameworksBuildPhase section */
		78E169D62C7CE1E50081BE53 /* Frameworks */ = {
			isa = PBXFrameworksBuildPhase;
			buildActionMask = 2147483647;
			files = (
				78AEC5D82CAFF64D00FBD8E7 /* FirebaseVertexAI-Preview in Frameworks */,
				78AEC5C22CAFF64D00FBD8E7 /* FirebaseFirestoreCombine-Community in Frameworks */,
				78AEC5C42CAFF64D00FBD8E7 /* FirebaseFunctions in Frameworks */,
				78AEC5D02CAFF64D00FBD8E7 /* FirebasePerformance in Frameworks */,
				78AEC5D62CAFF64D00FBD8E7 /* FirebaseStorageCombine-Community in Frameworks */,
				78AEC5D22CAFF64D00FBD8E7 /* FirebaseRemoteConfig in Frameworks */,
				78AEC5BC2CAFF64D00FBD8E7 /* FirebaseDatabase in Frameworks */,
				78AEC5BE2CAFF64D00FBD8E7 /* FirebaseDynamicLinks in Frameworks */,
				78AEC5B02CAFF64D00FBD8E7 /* FirebaseAppCheck in Frameworks */,
				78AEC5B42CAFF64D00FBD8E7 /* FirebaseAuth in Frameworks */,
				78AEC5AA2CAFF64D00FBD8E7 /* FirebaseAnalytics in Frameworks */,
				78AEC5C02CAFF64D00FBD8E7 /* FirebaseFirestore in Frameworks */,
				78AEC5CE2CAFF64D00FBD8E7 /* FirebaseMessaging in Frameworks */,
				78AEC5CA2CAFF64D00FBD8E7 /* FirebaseInstallations in Frameworks */,
				78AEC5C62CAFF64D00FBD8E7 /* FirebaseFunctionsCombine-Community in Frameworks */,
				78AEC5B22CAFF64D00FBD8E7 /* FirebaseAppDistribution-Beta in Frameworks */,
				78AEC5AE2CAFF64D00FBD8E7 /* FirebaseAnalyticsWithoutAdIdSupport in Frameworks */,
				78AEC5C82CAFF64D00FBD8E7 /* FirebaseInAppMessaging-Beta in Frameworks */,
				78AEC5B62CAFF64D00FBD8E7 /* FirebaseAuthCombine-Community in Frameworks */,
				78AEC5BA2CAFF64D00FBD8E7 /* FirebaseCrashlytics in Frameworks */,
				78AEC5CC2CAFF64D00FBD8E7 /* FirebaseMLModelDownloader in Frameworks */,
				78AEC5D42CAFF64D00FBD8E7 /* FirebaseStorage in Frameworks */,
				78AEC5B82CAFF64D00FBD8E7 /* FirebaseCore in Frameworks */,
				78AEC5AC2CAFF64D00FBD8E7 /* FirebaseAnalyticsOnDeviceConversion in Frameworks */,
			);
			runOnlyForDeploymentPostprocessing = 0;
		};
		78E169EC2C7CE1E60081BE53 /* Frameworks */ = {
			isa = PBXFrameworksBuildPhase;
			buildActionMask = 2147483647;
			files = (
			);
			runOnlyForDeploymentPostprocessing = 0;
		};
		78E169F62C7CE1E60081BE53 /* Frameworks */ = {
			isa = PBXFrameworksBuildPhase;
			buildActionMask = 2147483647;
			files = (
			);
			runOnlyForDeploymentPostprocessing = 0;
		};
/* End PBXFrameworksBuildPhase section */

/* Begin PBXGroup section */
		78AEC5D92CAFF76C00FBD8E7 /* Fire Base */ = {
			isa = PBXGroup;
			children = (
				78AEC5DA2CAFF78600FBD8E7 /* FireBaseAnalytics.swift */,
			);
			path = "Fire Base";
			sourceTree = "<group>";
		};
		78E169D02C7CE1E50081BE53 = {
			isa = PBXGroup;
			children = (
				78E169DB2C7CE1E50081BE53 /* Wisdom_Leaf_Task */,
				78E169F22C7CE1E60081BE53 /* Wisdom_Leaf_TaskTests */,
				78E169FC2C7CE1E60081BE53 /* Wisdom_Leaf_TaskUITests */,
				78E169DA2C7CE1E50081BE53 /* Products */,
			);
			sourceTree = "<group>";
		};
		78E169DA2C7CE1E50081BE53 /* Products */ = {
			isa = PBXGroup;
			children = (
				78E169D92C7CE1E50081BE53 /* Wisdom_Leaf_Task.app */,
				78E169EF2C7CE1E60081BE53 /* Wisdom_Leaf_TaskTests.xctest */,
				78E169F92C7CE1E60081BE53 /* Wisdom_Leaf_TaskUITests.xctest */,
			);
			name = Products;
			sourceTree = "<group>";
		};
		78E169DB2C7CE1E50081BE53 /* Wisdom_Leaf_Task */ = {
			isa = PBXGroup;
			children = (
				78AEC5D92CAFF76C00FBD8E7 /* Fire Base */,
				78AEC59B2CAFF2BA00FBD8E7 /* GoogleService-Info.plist */,
				78F5B17A2C806BB000EF6ECF /* Common */,
				78F5B1742C80509C00EF6ECF /* Movie Info */,
				78F5B1712C80505000EF6ECF /* Tab Bar */,
				78F5B1702C80503D00EF6ECF /* Splash Screen */,
				78F5B16F2C804FF700EF6ECF /* Favorite Movies */,
				78F5B16E2C804FD300EF6ECF /* Movies List */,
				78E169DC2C7CE1E50081BE53 /* AppDelegate.swift */,
				78E169DE2C7CE1E50081BE53 /* SceneDelegate.swift */,
				78E169E22C7CE1E50081BE53 /* Main.storyboard */,
				78E169E52C7CE1E60081BE53 /* Assets.xcassets */,
				78E169EA2C7CE1E60081BE53 /* Info.plist */,
				78C7AE8E2C7F474B001B5AFD /* ImageCache.swift */,
				78C7AE902C7F50C9001B5AFD /* MovieCellViewModel.swift */,
			);
			path = Wisdom_Leaf_Task;
			sourceTree = "<group>";
		};
		78E169F22C7CE1E60081BE53 /* Wisdom_Leaf_TaskTests */ = {
			isa = PBXGroup;
			children = (
				78E169F32C7CE1E60081BE53 /* Wisdom_Leaf_TaskTests.swift */,
			);
			path = Wisdom_Leaf_TaskTests;
			sourceTree = "<group>";
		};
		78E169FC2C7CE1E60081BE53 /* Wisdom_Leaf_TaskUITests */ = {
			isa = PBXGroup;
			children = (
				78E169FD2C7CE1E60081BE53 /* Wisdom_Leaf_TaskUITests.swift */,
				78E169FF2C7CE1E60081BE53 /* Wisdom_Leaf_TaskUITestsLaunchTests.swift */,
			);
			path = Wisdom_Leaf_TaskUITests;
			sourceTree = "<group>";
		};
		78F5B16E2C804FD300EF6ECF /* Movies List */ = {
			isa = PBXGroup;
			children = (
				78F5B1722C80506C00EF6ECF /* Movie List Cell */,
				78E16A172C7DDA2C0081BE53 /* MoviesViewController.swift */,
				78A61CCA2C7DFB3C005F6808 /* MoviesTableViewExtension.swift */,
				78C7AE882C7F23A4001B5AFD /* MoviesViewModel.swift */,
			);
			path = "Movies List";
			sourceTree = "<group>";
		};
		78F5B16F2C804FF700EF6ECF /* Favorite Movies */ = {
			isa = PBXGroup;
			children = (
				78F5B1732C80508200EF6ECF /* Favorite Movie Item */,
				78E16A192C7DDA7C0081BE53 /* FavouriteMoviesViewController.swift */,
				78F5B16C2C80443800EF6ECF /* FavoriteMovieCollectionViewExtension.swift */,
				78F5B1782C806A6400EF6ECF /* FavoriteMoviesViewModel.swift */,
			);
			path = "Favorite Movies";
			sourceTree = "<group>";
		};
		78F5B1702C80503D00EF6ECF /* Splash Screen */ = {
			isa = PBXGroup;
			children = (
				78E169E72C7CE1E60081BE53 /* LaunchScreen.storyboard */,
				78E16A1B2C7DE2490081BE53 /* SplashViewController.swift */,
			);
			path = "Splash Screen";
			sourceTree = "<group>";
		};
		78F5B1712C80505000EF6ECF /* Tab Bar */ = {
			isa = PBXGroup;
			children = (
				78E16A1D2C7DE35A0081BE53 /* OMDBTabBarController.swift */,
			);
			path = "Tab Bar";
			sourceTree = "<group>";
		};
		78F5B1722C80506C00EF6ECF /* Movie List Cell */ = {
			isa = PBXGroup;
			children = (
				78A61CC82C7DF9E5005F6808 /* MovieTableViewCell.swift */,
			);
			path = "Movie List Cell";
			sourceTree = "<group>";
		};
		78F5B1732C80508200EF6ECF /* Favorite Movie Item */ = {
			isa = PBXGroup;
			children = (
				78F5B16A2C803E6900EF6ECF /* MovieCollectionItem.swift */,
			);
			path = "Favorite Movie Item";
			sourceTree = "<group>";
		};
		78F5B1742C80509C00EF6ECF /* Movie Info */ = {
			isa = PBXGroup;
			children = (
				78F5B17C2C806BFD00EF6ECF /* Models */,
				78A61CCC2C7DFD76005F6808 /* MovieInfoViewController.swift */,
				78F5B1762C80540200EF6ECF /* MovieInfoViewModel.swift */,
			);
			path = "Movie Info";
			sourceTree = "<group>";
		};
		78F5B17A2C806BB000EF6ECF /* Common */ = {
			isa = PBXGroup;
			children = (
				78F5B17B2C806BBA00EF6ECF /* Models */,
			);
			path = Common;
			sourceTree = "<group>";
		};
		78F5B17B2C806BBA00EF6ECF /* Models */ = {
			isa = PBXGroup;
			children = (
				78C7AE8A2C7F2B57001B5AFD /* Movie.swift */,
			);
			path = Models;
			sourceTree = "<group>";
		};
		78F5B17C2C806BFD00EF6ECF /* Models */ = {
			isa = PBXGroup;
			children = (
				78F5B1682C7F8CA500EF6ECF /* MovieByIDApiResponseModel.swift */,
			);
			path = Models;
			sourceTree = "<group>";
		};
/* End PBXGroup section */

/* Begin PBXNativeTarget section */
		78E169D82C7CE1E50081BE53 /* Wisdom_Leaf_Task */ = {
			isa = PBXNativeTarget;
			buildConfigurationList = 78E16A032C7CE1E60081BE53 /* Build configuration list for PBXNativeTarget "Wisdom_Leaf_Task" */;
			buildPhases = (
				78E169D52C7CE1E50081BE53 /* Sources */,
				78E169D62C7CE1E50081BE53 /* Frameworks */,
				78E169D72C7CE1E50081BE53 /* Resources */,
			);
			buildRules = (
			);
			dependencies = (
			);
			name = Wisdom_Leaf_Task;
			packageProductDependencies = (
				78AEC5A92CAFF64D00FBD8E7 /* FirebaseAnalytics */,
				78AEC5AB2CAFF64D00FBD8E7 /* FirebaseAnalyticsOnDeviceConversion */,
				78AEC5AD2CAFF64D00FBD8E7 /* FirebaseAnalyticsWithoutAdIdSupport */,
				78AEC5AF2CAFF64D00FBD8E7 /* FirebaseAppCheck */,
				78AEC5B12CAFF64D00FBD8E7 /* FirebaseAppDistribution-Beta */,
				78AEC5B32CAFF64D00FBD8E7 /* FirebaseAuth */,
				78AEC5B52CAFF64D00FBD8E7 /* FirebaseAuthCombine-Community */,
				78AEC5B72CAFF64D00FBD8E7 /* FirebaseCore */,
				78AEC5B92CAFF64D00FBD8E7 /* FirebaseCrashlytics */,
				78AEC5BB2CAFF64D00FBD8E7 /* FirebaseDatabase */,
				78AEC5BD2CAFF64D00FBD8E7 /* FirebaseDynamicLinks */,
				78AEC5BF2CAFF64D00FBD8E7 /* FirebaseFirestore */,
				78AEC5C12CAFF64D00FBD8E7 /* FirebaseFirestoreCombine-Community */,
				78AEC5C32CAFF64D00FBD8E7 /* FirebaseFunctions */,
				78AEC5C52CAFF64D00FBD8E7 /* FirebaseFunctionsCombine-Community */,
				78AEC5C72CAFF64D00FBD8E7 /* FirebaseInAppMessaging-Beta */,
				78AEC5C92CAFF64D00FBD8E7 /* FirebaseInstallations */,
				78AEC5CB2CAFF64D00FBD8E7 /* FirebaseMLModelDownloader */,
				78AEC5CD2CAFF64D00FBD8E7 /* FirebaseMessaging */,
				78AEC5CF2CAFF64D00FBD8E7 /* FirebasePerformance */,
				78AEC5D12CAFF64D00FBD8E7 /* FirebaseRemoteConfig */,
				78AEC5D32CAFF64D00FBD8E7 /* FirebaseStorage */,
				78AEC5D52CAFF64D00FBD8E7 /* FirebaseStorageCombine-Community */,
				78AEC5D72CAFF64D00FBD8E7 /* FirebaseVertexAI-Preview */,
			);
			productName = Wisdom_Leaf_Task;
			productReference = 78E169D92C7CE1E50081BE53 /* Wisdom_Leaf_Task.app */;
			productType = "com.apple.product-type.application";
		};
		78E169EE2C7CE1E60081BE53 /* Wisdom_Leaf_TaskTests */ = {
			isa = PBXNativeTarget;
			buildConfigurationList = 78E16A062C7CE1E60081BE53 /* Build configuration list for PBXNativeTarget "Wisdom_Leaf_TaskTests" */;
			buildPhases = (
				78E169EB2C7CE1E60081BE53 /* Sources */,
				78E169EC2C7CE1E60081BE53 /* Frameworks */,
				78E169ED2C7CE1E60081BE53 /* Resources */,
			);
			buildRules = (
			);
			dependencies = (
				78E169F12C7CE1E60081BE53 /* PBXTargetDependency */,
			);
			name = Wisdom_Leaf_TaskTests;
			productName = Wisdom_Leaf_TaskTests;
			productReference = 78E169EF2C7CE1E60081BE53 /* Wisdom_Leaf_TaskTests.xctest */;
			productType = "com.apple.product-type.bundle.unit-test";
		};
		78E169F82C7CE1E60081BE53 /* Wisdom_Leaf_TaskUITests */ = {
			isa = PBXNativeTarget;
			buildConfigurationList = 78E16A092C7CE1E60081BE53 /* Build configuration list for PBXNativeTarget "Wisdom_Leaf_TaskUITests" */;
			buildPhases = (
				78E169F52C7CE1E60081BE53 /* Sources */,
				78E169F62C7CE1E60081BE53 /* Frameworks */,
				78E169F72C7CE1E60081BE53 /* Resources */,
			);
			buildRules = (
			);
			dependencies = (
				78E169FB2C7CE1E60081BE53 /* PBXTargetDependency */,
			);
			name = Wisdom_Leaf_TaskUITests;
			productName = Wisdom_Leaf_TaskUITests;
			productReference = 78E169F92C7CE1E60081BE53 /* Wisdom_Leaf_TaskUITests.xctest */;
			productType = "com.apple.product-type.bundle.ui-testing";
		};
/* End PBXNativeTarget section */

/* Begin PBXProject section */
		78E169D12C7CE1E50081BE53 /* Project object */ = {
			isa = PBXProject;
			attributes = {
				BuildIndependentTargetsInParallel = 1;
				LastSwiftUpdateCheck = 1540;
				LastUpgradeCheck = 1540;
				TargetAttributes = {
					78E169D82C7CE1E50081BE53 = {
						CreatedOnToolsVersion = 15.4;
					};
					78E169EE2C7CE1E60081BE53 = {
						CreatedOnToolsVersion = 15.4;
						TestTargetID = 78E169D82C7CE1E50081BE53;
					};
					78E169F82C7CE1E60081BE53 = {
						CreatedOnToolsVersion = 15.4;
						TestTargetID = 78E169D82C7CE1E50081BE53;
					};
				};
			};
			buildConfigurationList = 78E169D42C7CE1E50081BE53 /* Build configuration list for PBXProject "Wisdom_Leaf_Task" */;
			compatibilityVersion = "Xcode 14.0";
			developmentRegion = en;
			hasScannedForEncodings = 0;
			knownRegions = (
				en,
				Base,
			);
			mainGroup = 78E169D02C7CE1E50081BE53;
			packageReferences = (
				78AEC5A82CAFF64D00FBD8E7 /* XCRemoteSwiftPackageReference "firebase-ios-sdk" */,
			);
			productRefGroup = 78E169DA2C7CE1E50081BE53 /* Products */;
			projectDirPath = "";
			projectRoot = "";
			targets = (
				78E169D82C7CE1E50081BE53 /* Wisdom_Leaf_Task */,
				78E169EE2C7CE1E60081BE53 /* Wisdom_Leaf_TaskTests */,
				78E169F82C7CE1E60081BE53 /* Wisdom_Leaf_TaskUITests */,
			);
		};
/* End PBXProject section */

/* Begin PBXResourcesBuildPhase section */
		78E169D72C7CE1E50081BE53 /* Resources */ = {
			isa = PBXResourcesBuildPhase;
			buildActionMask = 2147483647;
			files = (
				78E169E62C7CE1E60081BE53 /* Assets.xcassets in Resources */,
				78AEC59C2CAFF2BA00FBD8E7 /* GoogleService-Info.plist in Resources */,
				78E169E92C7CE1E60081BE53 /* Base in Resources */,
				78E169E42C7CE1E50081BE53 /* Base in Resources */,
			);
			runOnlyForDeploymentPostprocessing = 0;
		};
		78E169ED2C7CE1E60081BE53 /* Resources */ = {
			isa = PBXResourcesBuildPhase;
			buildActionMask = 2147483647;
			files = (
			);
			runOnlyForDeploymentPostprocessing = 0;
		};
		78E169F72C7CE1E60081BE53 /* Resources */ = {
			isa = PBXResourcesBuildPhase;
			buildActionMask = 2147483647;
			files = (
			);
			runOnlyForDeploymentPostprocessing = 0;
		};
/* End PBXResourcesBuildPhase section */

/* Begin PBXSourcesBuildPhase section */
		78E169D52C7CE1E50081BE53 /* Sources */ = {
			isa = PBXSourcesBuildPhase;
			buildActionMask = 2147483647;
			files = (
				78E169DD2C7CE1E50081BE53 /* AppDelegate.swift in Sources */,
				78F5B1772C80540200EF6ECF /* MovieInfoViewModel.swift in Sources */,
				78E16A1A2C7DDA7C0081BE53 /* FavouriteMoviesViewController.swift in Sources */,
				78F5B1692C7F8CA500EF6ECF /* MovieByIDApiResponseModel.swift in Sources */,
				78A61CCD2C7DFD76005F6808 /* MovieInfoViewController.swift in Sources */,
				78AEC5DB2CAFF78600FBD8E7 /* FireBaseAnalytics.swift in Sources */,
				78E169DF2C7CE1E50081BE53 /* SceneDelegate.swift in Sources */,
				78E16A1E2C7DE35A0081BE53 /* OMDBTabBarController.swift in Sources */,
				78C7AE912C7F50C9001B5AFD /* MovieCellViewModel.swift in Sources */,
				78A61CC92C7DF9E5005F6808 /* MovieTableViewCell.swift in Sources */,
				78C7AE8F2C7F474B001B5AFD /* ImageCache.swift in Sources */,
				78F5B16D2C80443800EF6ECF /* FavoriteMovieCollectionViewExtension.swift in Sources */,
				78A61CCB2C7DFB3C005F6808 /* MoviesTableViewExtension.swift in Sources */,
				78E16A182C7DDA2C0081BE53 /* MoviesViewController.swift in Sources */,
				78E16A1C2C7DE2490081BE53 /* SplashViewController.swift in Sources */,
				78F5B16B2C803E6900EF6ECF /* MovieCollectionItem.swift in Sources */,
				78C7AE8B2C7F2B57001B5AFD /* Movie.swift in Sources */,
				78C7AE892C7F23A4001B5AFD /* MoviesViewModel.swift in Sources */,
				78F5B1792C806A6400EF6ECF /* FavoriteMoviesViewModel.swift in Sources */,
			);
			runOnlyForDeploymentPostprocessing = 0;
		};
		78E169EB2C7CE1E60081BE53 /* Sources */ = {
			isa = PBXSourcesBuildPhase;
			buildActionMask = 2147483647;
			files = (
				78E169F42C7CE1E60081BE53 /* Wisdom_Leaf_TaskTests.swift in Sources */,
			);
			runOnlyForDeploymentPostprocessing = 0;
		};
		78E169F52C7CE1E60081BE53 /* Sources */ = {
			isa = PBXSourcesBuildPhase;
			buildActionMask = 2147483647;
			files = (
				78E16A002C7CE1E60081BE53 /* Wisdom_Leaf_TaskUITestsLaunchTests.swift in Sources */,
				78E169FE2C7CE1E60081BE53 /* Wisdom_Leaf_TaskUITests.swift in Sources */,
			);
			runOnlyForDeploymentPostprocessing = 0;
		};
/* End PBXSourcesBuildPhase section */

/* Begin PBXTargetDependency section */
		78E169F12C7CE1E60081BE53 /* PBXTargetDependency */ = {
			isa = PBXTargetDependency;
			target = 78E169D82C7CE1E50081BE53 /* Wisdom_Leaf_Task */;
			targetProxy = 78E169F02C7CE1E60081BE53 /* PBXContainerItemProxy */;
		};
		78E169FB2C7CE1E60081BE53 /* PBXTargetDependency */ = {
			isa = PBXTargetDependency;
			target = 78E169D82C7CE1E50081BE53 /* Wisdom_Leaf_Task */;
			targetProxy = 78E169FA2C7CE1E60081BE53 /* PBXContainerItemProxy */;
		};
/* End PBXTargetDependency section */

/* Begin PBXVariantGroup section */
		78E169E22C7CE1E50081BE53 /* Main.storyboard */ = {
			isa = PBXVariantGroup;
			children = (
				78E169E32C7CE1E50081BE53 /* Base */,
			);
			name = Main.storyboard;
			sourceTree = "<group>";
		};
		78E169E72C7CE1E60081BE53 /* LaunchScreen.storyboard */ = {
			isa = PBXVariantGroup;
			children = (
				78E169E82C7CE1E60081BE53 /* Base */,
			);
			name = LaunchScreen.storyboard;
			sourceTree = "<group>";
		};
/* End PBXVariantGroup section */

/* Begin XCBuildConfiguration section */
		78E16A012C7CE1E60081BE53 /* Debug */ = {
			isa = XCBuildConfiguration;
			buildSettings = {
				ALWAYS_SEARCH_USER_PATHS = NO;
				ASSETCATALOG_COMPILER_GENERATE_SWIFT_ASSET_SYMBOL_EXTENSIONS = YES;
				CLANG_ANALYZER_NONNULL = YES;
				CLANG_ANALYZER_NUMBER_OBJECT_CONVERSION = YES_AGGRESSIVE;
				CLANG_CXX_LANGUAGE_STANDARD = "gnu++20";
				CLANG_ENABLE_MODULES = YES;
				CLANG_ENABLE_OBJC_ARC = YES;
				CLANG_ENABLE_OBJC_WEAK = YES;
				CLANG_WARN_BLOCK_CAPTURE_AUTORELEASING = YES;
				CLANG_WARN_BOOL_CONVERSION = YES;
				CLANG_WARN_COMMA = YES;
				CLANG_WARN_CONSTANT_CONVERSION = YES;
				CLANG_WARN_DEPRECATED_OBJC_IMPLEMENTATIONS = YES;
				CLANG_WARN_DIRECT_OBJC_ISA_USAGE = YES_ERROR;
				CLANG_WARN_DOCUMENTATION_COMMENTS = YES;
				CLANG_WARN_EMPTY_BODY = YES;
				CLANG_WARN_ENUM_CONVERSION = YES;
				CLANG_WARN_INFINITE_RECURSION = YES;
				CLANG_WARN_INT_CONVERSION = YES;
				CLANG_WARN_NON_LITERAL_NULL_CONVERSION = YES;
				CLANG_WARN_OBJC_IMPLICIT_RETAIN_SELF = YES;
				CLANG_WARN_OBJC_LITERAL_CONVERSION = YES;
				CLANG_WARN_OBJC_ROOT_CLASS = YES_ERROR;
				CLANG_WARN_QUOTED_INCLUDE_IN_FRAMEWORK_HEADER = YES;
				CLANG_WARN_RANGE_LOOP_ANALYSIS = YES;
				CLANG_WARN_STRICT_PROTOTYPES = YES;
				CLANG_WARN_SUSPICIOUS_MOVE = YES;
				CLANG_WARN_UNGUARDED_AVAILABILITY = YES_AGGRESSIVE;
				CLANG_WARN_UNREACHABLE_CODE = YES;
				CLANG_WARN__DUPLICATE_METHOD_MATCH = YES;
				COPY_PHASE_STRIP = NO;
				DEBUG_INFORMATION_FORMAT = dwarf;
				ENABLE_STRICT_OBJC_MSGSEND = YES;
				ENABLE_TESTABILITY = YES;
				ENABLE_USER_SCRIPT_SANDBOXING = YES;
				GCC_C_LANGUAGE_STANDARD = gnu17;
				GCC_DYNAMIC_NO_PIC = NO;
				GCC_NO_COMMON_BLOCKS = YES;
				GCC_OPTIMIZATION_LEVEL = 0;
				GCC_PREPROCESSOR_DEFINITIONS = (
					"DEBUG=1",
					"$(inherited)",
				);
				GCC_WARN_64_TO_32_BIT_CONVERSION = YES;
				GCC_WARN_ABOUT_RETURN_TYPE = YES_ERROR;
				GCC_WARN_UNDECLARED_SELECTOR = YES;
				GCC_WARN_UNINITIALIZED_AUTOS = YES_AGGRESSIVE;
				GCC_WARN_UNUSED_FUNCTION = YES;
				GCC_WARN_UNUSED_VARIABLE = YES;
				IPHONEOS_DEPLOYMENT_TARGET = 17.5;
				LOCALIZATION_PREFERS_STRING_CATALOGS = YES;
				MTL_ENABLE_DEBUG_INFO = INCLUDE_SOURCE;
				MTL_FAST_MATH = YES;
				ONLY_ACTIVE_ARCH = YES;
				SDKROOT = iphoneos;
				SWIFT_ACTIVE_COMPILATION_CONDITIONS = "DEBUG $(inherited)";
				SWIFT_OPTIMIZATION_LEVEL = "-Onone";
			};
			name = Debug;
		};
		78E16A022C7CE1E60081BE53 /* Release */ = {
			isa = XCBuildConfiguration;
			buildSettings = {
				ALWAYS_SEARCH_USER_PATHS = NO;
				ASSETCATALOG_COMPILER_GENERATE_SWIFT_ASSET_SYMBOL_EXTENSIONS = YES;
				CLANG_ANALYZER_NONNULL = YES;
				CLANG_ANALYZER_NUMBER_OBJECT_CONVERSION = YES_AGGRESSIVE;
				CLANG_CXX_LANGUAGE_STANDARD = "gnu++20";
				CLANG_ENABLE_MODULES = YES;
				CLANG_ENABLE_OBJC_ARC = YES;
				CLANG_ENABLE_OBJC_WEAK = YES;
				CLANG_WARN_BLOCK_CAPTURE_AUTORELEASING = YES;
				CLANG_WARN_BOOL_CONVERSION = YES;
				CLANG_WARN_COMMA = YES;
				CLANG_WARN_CONSTANT_CONVERSION = YES;
				CLANG_WARN_DEPRECATED_OBJC_IMPLEMENTATIONS = YES;
				CLANG_WARN_DIRECT_OBJC_ISA_USAGE = YES_ERROR;
				CLANG_WARN_DOCUMENTATION_COMMENTS = YES;
				CLANG_WARN_EMPTY_BODY = YES;
				CLANG_WARN_ENUM_CONVERSION = YES;
				CLANG_WARN_INFINITE_RECURSION = YES;
				CLANG_WARN_INT_CONVERSION = YES;
				CLANG_WARN_NON_LITERAL_NULL_CONVERSION = YES;
				CLANG_WARN_OBJC_IMPLICIT_RETAIN_SELF = YES;
				CLANG_WARN_OBJC_LITERAL_CONVERSION = YES;
				CLANG_WARN_OBJC_ROOT_CLASS = YES_ERROR;
				CLANG_WARN_QUOTED_INCLUDE_IN_FRAMEWORK_HEADER = YES;
				CLANG_WARN_RANGE_LOOP_ANALYSIS = YES;
				CLANG_WARN_STRICT_PROTOTYPES = YES;
				CLANG_WARN_SUSPICIOUS_MOVE = YES;
				CLANG_WARN_UNGUARDED_AVAILABILITY = YES_AGGRESSIVE;
				CLANG_WARN_UNREACHABLE_CODE = YES;
				CLANG_WARN__DUPLICATE_METHOD_MATCH = YES;
				COPY_PHASE_STRIP = NO;
				DEBUG_INFORMATION_FORMAT = "dwarf-with-dsym";
				ENABLE_NS_ASSERTIONS = NO;
				ENABLE_STRICT_OBJC_MSGSEND = YES;
				ENABLE_USER_SCRIPT_SANDBOXING = YES;
				GCC_C_LANGUAGE_STANDARD = gnu17;
				GCC_NO_COMMON_BLOCKS = YES;
				GCC_WARN_64_TO_32_BIT_CONVERSION = YES;
				GCC_WARN_ABOUT_RETURN_TYPE = YES_ERROR;
				GCC_WARN_UNDECLARED_SELECTOR = YES;
				GCC_WARN_UNINITIALIZED_AUTOS = YES_AGGRESSIVE;
				GCC_WARN_UNUSED_FUNCTION = YES;
				GCC_WARN_UNUSED_VARIABLE = YES;
				IPHONEOS_DEPLOYMENT_TARGET = 17.5;
				LOCALIZATION_PREFERS_STRING_CATALOGS = YES;
				MTL_ENABLE_DEBUG_INFO = NO;
				MTL_FAST_MATH = YES;
				SDKROOT = iphoneos;
				SWIFT_COMPILATION_MODE = wholemodule;
				VALIDATE_PRODUCT = YES;
			};
			name = Release;
		};
		78E16A042C7CE1E60081BE53 /* Debug */ = {
			isa = XCBuildConfiguration;
			buildSettings = {
				ASSETCATALOG_COMPILER_APPICON_NAME = AppIcon;
				ASSETCATALOG_COMPILER_GLOBAL_ACCENT_COLOR_NAME = AccentColor;
				CODE_SIGN_STYLE = Automatic;
				CURRENT_PROJECT_VERSION = 1;
				DEVELOPMENT_TEAM = H8K9F4LN8W;
				GENERATE_INFOPLIST_FILE = YES;
				INFOPLIST_FILE = Wisdom_Leaf_Task/Info.plist;
				INFOPLIST_KEY_UIApplicationSupportsIndirectInputEvents = YES;
				INFOPLIST_KEY_UILaunchStoryboardName = LaunchScreen;
				INFOPLIST_KEY_UIMainStoryboardFile = Main;
				INFOPLIST_KEY_UISupportedInterfaceOrientations_iPad = "UIInterfaceOrientationPortrait UIInterfaceOrientationPortraitUpsideDown UIInterfaceOrientationLandscapeLeft UIInterfaceOrientationLandscapeRight";
				INFOPLIST_KEY_UISupportedInterfaceOrientations_iPhone = "UIInterfaceOrientationPortrait UIInterfaceOrientationLandscapeLeft UIInterfaceOrientationLandscapeRight";
				LD_RUNPATH_SEARCH_PATHS = (
					"$(inherited)",
					"@executable_path/Frameworks",
				);
				MARKETING_VERSION = 1.0;
				PRODUCT_BUNDLE_IDENTIFIER = "com.swejan.textEditor-expansion";
				PRODUCT_NAME = "$(TARGET_NAME)";
				SWIFT_EMIT_LOC_STRINGS = YES;
				SWIFT_VERSION = 5.0;
				TARGETED_DEVICE_FAMILY = "1,2";
			};
			name = Debug;
		};
		78E16A052C7CE1E60081BE53 /* Release */ = {
			isa = XCBuildConfiguration;
			buildSettings = {
				ASSETCATALOG_COMPILER_APPICON_NAME = AppIcon;
				ASSETCATALOG_COMPILER_GLOBAL_ACCENT_COLOR_NAME = AccentColor;
				CODE_SIGN_STYLE = Automatic;
				CURRENT_PROJECT_VERSION = 1;
				DEVELOPMENT_TEAM = H8K9F4LN8W;
				GENERATE_INFOPLIST_FILE = YES;
				INFOPLIST_FILE = Wisdom_Leaf_Task/Info.plist;
				INFOPLIST_KEY_UIApplicationSupportsIndirectInputEvents = YES;
				INFOPLIST_KEY_UILaunchStoryboardName = LaunchScreen;
				INFOPLIST_KEY_UIMainStoryboardFile = Main;
				INFOPLIST_KEY_UISupportedInterfaceOrientations_iPad = "UIInterfaceOrientationPortrait UIInterfaceOrientationPortraitUpsideDown UIInterfaceOrientationLandscapeLeft UIInterfaceOrientationLandscapeRight";
				INFOPLIST_KEY_UISupportedInterfaceOrientations_iPhone = "UIInterfaceOrientationPortrait UIInterfaceOrientationLandscapeLeft UIInterfaceOrientationLandscapeRight";
				LD_RUNPATH_SEARCH_PATHS = (
					"$(inherited)",
					"@executable_path/Frameworks",
				);
				MARKETING_VERSION = 1.0;
				PRODUCT_BUNDLE_IDENTIFIER = "com.swejan.textEditor-expansion";
				PRODUCT_NAME = "$(TARGET_NAME)";
				SWIFT_EMIT_LOC_STRINGS = YES;
				SWIFT_VERSION = 5.0;
				TARGETED_DEVICE_FAMILY = "1,2";
			};
			name = Release;
		};
		78E16A072C7CE1E60081BE53 /* Debug */ = {
			isa = XCBuildConfiguration;
			buildSettings = {
				ALWAYS_EMBED_SWIFT_STANDARD_LIBRARIES = YES;
				BUNDLE_LOADER = "$(TEST_HOST)";
				CODE_SIGN_STYLE = Automatic;
				CURRENT_PROJECT_VERSION = 1;
				DEVELOPMENT_TEAM = H8K9F4LN8W;
				GENERATE_INFOPLIST_FILE = YES;
				IPHONEOS_DEPLOYMENT_TARGET = 17.5;
				MARKETING_VERSION = 1.0;
				PRODUCT_BUNDLE_IDENTIFIER = "com.gs.Wisdom-Leaf-TaskTests";
				PRODUCT_NAME = "$(TARGET_NAME)";
				SWIFT_EMIT_LOC_STRINGS = NO;
				SWIFT_VERSION = 5.0;
				TARGETED_DEVICE_FAMILY = "1,2";
				TEST_HOST = "$(BUILT_PRODUCTS_DIR)/Wisdom_Leaf_Task.app/$(BUNDLE_EXECUTABLE_FOLDER_PATH)/Wisdom_Leaf_Task";
			};
			name = Debug;
		};
		78E16A082C7CE1E60081BE53 /* Release */ = {
			isa = XCBuildConfiguration;
			buildSettings = {
				ALWAYS_EMBED_SWIFT_STANDARD_LIBRARIES = YES;
				BUNDLE_LOADER = "$(TEST_HOST)";
				CODE_SIGN_STYLE = Automatic;
				CURRENT_PROJECT_VERSION = 1;
				DEVELOPMENT_TEAM = H8K9F4LN8W;
				GENERATE_INFOPLIST_FILE = YES;
				IPHONEOS_DEPLOYMENT_TARGET = 17.5;
				MARKETING_VERSION = 1.0;
				PRODUCT_BUNDLE_IDENTIFIER = "com.gs.Wisdom-Leaf-TaskTests";
				PRODUCT_NAME = "$(TARGET_NAME)";
				SWIFT_EMIT_LOC_STRINGS = NO;
				SWIFT_VERSION = 5.0;
				TARGETED_DEVICE_FAMILY = "1,2";
				TEST_HOST = "$(BUILT_PRODUCTS_DIR)/Wisdom_Leaf_Task.app/$(BUNDLE_EXECUTABLE_FOLDER_PATH)/Wisdom_Leaf_Task";
			};
			name = Release;
		};
		78E16A0A2C7CE1E60081BE53 /* Debug */ = {
			isa = XCBuildConfiguration;
			buildSettings = {
				ALWAYS_EMBED_SWIFT_STANDARD_LIBRARIES = YES;
				CODE_SIGN_STYLE = Automatic;
				CURRENT_PROJECT_VERSION = 1;
				DEVELOPMENT_TEAM = H8K9F4LN8W;
				GENERATE_INFOPLIST_FILE = YES;
				MARKETING_VERSION = 1.0;
				PRODUCT_BUNDLE_IDENTIFIER = "com.gs.Wisdom-Leaf-TaskUITests";
				PRODUCT_NAME = "$(TARGET_NAME)";
				SWIFT_EMIT_LOC_STRINGS = NO;
				SWIFT_VERSION = 5.0;
				TARGETED_DEVICE_FAMILY = "1,2";
				TEST_TARGET_NAME = Wisdom_Leaf_Task;
			};
			name = Debug;
		};
		78E16A0B2C7CE1E60081BE53 /* Release */ = {
			isa = XCBuildConfiguration;
			buildSettings = {
				ALWAYS_EMBED_SWIFT_STANDARD_LIBRARIES = YES;
				CODE_SIGN_STYLE = Automatic;
				CURRENT_PROJECT_VERSION = 1;
				DEVELOPMENT_TEAM = H8K9F4LN8W;
				GENERATE_INFOPLIST_FILE = YES;
				MARKETING_VERSION = 1.0;
				PRODUCT_BUNDLE_IDENTIFIER = "com.gs.Wisdom-Leaf-TaskUITests";
				PRODUCT_NAME = "$(TARGET_NAME)";
				SWIFT_EMIT_LOC_STRINGS = NO;
				SWIFT_VERSION = 5.0;
				TARGETED_DEVICE_FAMILY = "1,2";
				TEST_TARGET_NAME = Wisdom_Leaf_Task;
			};
			name = Release;
		};
/* End XCBuildConfiguration section */

/* Begin XCConfigurationList section */
		78E169D42C7CE1E50081BE53 /* Build configuration list for PBXProject "Wisdom_Leaf_Task" */ = {
			isa = XCConfigurationList;
			buildConfigurations = (
				78E16A012C7CE1E60081BE53 /* Debug */,
				78E16A022C7CE1E60081BE53 /* Release */,
			);
			defaultConfigurationIsVisible = 0;
			defaultConfigurationName = Release;
		};
		78E16A032C7CE1E60081BE53 /* Build configuration list for PBXNativeTarget "Wisdom_Leaf_Task" */ = {
			isa = XCConfigurationList;
			buildConfigurations = (
				78E16A042C7CE1E60081BE53 /* Debug */,
				78E16A052C7CE1E60081BE53 /* Release */,
			);
			defaultConfigurationIsVisible = 0;
			defaultConfigurationName = Release;
		};
		78E16A062C7CE1E60081BE53 /* Build configuration list for PBXNativeTarget "Wisdom_Leaf_TaskTests" */ = {
			isa = XCConfigurationList;
			buildConfigurations = (
				78E16A072C7CE1E60081BE53 /* Debug */,
				78E16A082C7CE1E60081BE53 /* Release */,
			);
			defaultConfigurationIsVisible = 0;
			defaultConfigurationName = Release;
		};
		78E16A092C7CE1E60081BE53 /* Build configuration list for PBXNativeTarget "Wisdom_Leaf_TaskUITests" */ = {
			isa = XCConfigurationList;
			buildConfigurations = (
				78E16A0A2C7CE1E60081BE53 /* Debug */,
				78E16A0B2C7CE1E60081BE53 /* Release */,
			);
			defaultConfigurationIsVisible = 0;
			defaultConfigurationName = Release;
		};
/* End XCConfigurationList section */

/* Begin XCRemoteSwiftPackageReference section */
		78AEC5A82CAFF64D00FBD8E7 /* XCRemoteSwiftPackageReference "firebase-ios-sdk" */ = {
			isa = XCRemoteSwiftPackageReference;
			repositoryURL = "https://github.com/firebase/firebase-ios-sdk";
			requirement = {
				kind = upToNextMajorVersion;
				minimumVersion = 11.3.0;
			};
		};
/* End XCRemoteSwiftPackageReference section */

/* Begin XCSwiftPackageProductDependency section */
		78AEC5A92CAFF64D00FBD8E7 /* FirebaseAnalytics */ = {
			isa = XCSwiftPackageProductDependency;
			package = 78AEC5A82CAFF64D00FBD8E7 /* XCRemoteSwiftPackageReference "firebase-ios-sdk" */;
			productName = FirebaseAnalytics;
		};
		78AEC5AB2CAFF64D00FBD8E7 /* FirebaseAnalyticsOnDeviceConversion */ = {
			isa = XCSwiftPackageProductDependency;
			package = 78AEC5A82CAFF64D00FBD8E7 /* XCRemoteSwiftPackageReference "firebase-ios-sdk" */;
			productName = FirebaseAnalyticsOnDeviceConversion;
		};
		78AEC5AD2CAFF64D00FBD8E7 /* FirebaseAnalyticsWithoutAdIdSupport */ = {
			isa = XCSwiftPackageProductDependency;
			package = 78AEC5A82CAFF64D00FBD8E7 /* XCRemoteSwiftPackageReference "firebase-ios-sdk" */;
			productName = FirebaseAnalyticsWithoutAdIdSupport;
		};
		78AEC5AF2CAFF64D00FBD8E7 /* FirebaseAppCheck */ = {
			isa = XCSwiftPackageProductDependency;
			package = 78AEC5A82CAFF64D00FBD8E7 /* XCRemoteSwiftPackageReference "firebase-ios-sdk" */;
			productName = FirebaseAppCheck;
		};
		78AEC5B12CAFF64D00FBD8E7 /* FirebaseAppDistribution-Beta */ = {
			isa = XCSwiftPackageProductDependency;
			package = 78AEC5A82CAFF64D00FBD8E7 /* XCRemoteSwiftPackageReference "firebase-ios-sdk" */;
			productName = "FirebaseAppDistribution-Beta";
		};
		78AEC5B32CAFF64D00FBD8E7 /* FirebaseAuth */ = {
			isa = XCSwiftPackageProductDependency;
			package = 78AEC5A82CAFF64D00FBD8E7 /* XCRemoteSwiftPackageReference "firebase-ios-sdk" */;
			productName = FirebaseAuth;
		};
		78AEC5B52CAFF64D00FBD8E7 /* FirebaseAuthCombine-Community */ = {
			isa = XCSwiftPackageProductDependency;
			package = 78AEC5A82CAFF64D00FBD8E7 /* XCRemoteSwiftPackageReference "firebase-ios-sdk" */;
			productName = "FirebaseAuthCombine-Community";
		};
		78AEC5B72CAFF64D00FBD8E7 /* FirebaseCore */ = {
			isa = XCSwiftPackageProductDependency;
			package = 78AEC5A82CAFF64D00FBD8E7 /* XCRemoteSwiftPackageReference "firebase-ios-sdk" */;
			productName = FirebaseCore;
		};
		78AEC5B92CAFF64D00FBD8E7 /* FirebaseCrashlytics */ = {
			isa = XCSwiftPackageProductDependency;
			package = 78AEC5A82CAFF64D00FBD8E7 /* XCRemoteSwiftPackageReference "firebase-ios-sdk" */;
			productName = FirebaseCrashlytics;
		};
		78AEC5BB2CAFF64D00FBD8E7 /* FirebaseDatabase */ = {
			isa = XCSwiftPackageProductDependency;
			package = 78AEC5A82CAFF64D00FBD8E7 /* XCRemoteSwiftPackageReference "firebase-ios-sdk" */;
			productName = FirebaseDatabase;
		};
		78AEC5BD2CAFF64D00FBD8E7 /* FirebaseDynamicLinks */ = {
			isa = XCSwiftPackageProductDependency;
			package = 78AEC5A82CAFF64D00FBD8E7 /* XCRemoteSwiftPackageReference "firebase-ios-sdk" */;
			productName = FirebaseDynamicLinks;
		};
		78AEC5BF2CAFF64D00FBD8E7 /* FirebaseFirestore */ = {
			isa = XCSwiftPackageProductDependency;
			package = 78AEC5A82CAFF64D00FBD8E7 /* XCRemoteSwiftPackageReference "firebase-ios-sdk" */;
			productName = FirebaseFirestore;
		};
		78AEC5C12CAFF64D00FBD8E7 /* FirebaseFirestoreCombine-Community */ = {
			isa = XCSwiftPackageProductDependency;
			package = 78AEC5A82CAFF64D00FBD8E7 /* XCRemoteSwiftPackageReference "firebase-ios-sdk" */;
			productName = "FirebaseFirestoreCombine-Community";
		};
		78AEC5C32CAFF64D00FBD8E7 /* FirebaseFunctions */ = {
			isa = XCSwiftPackageProductDependency;
			package = 78AEC5A82CAFF64D00FBD8E7 /* XCRemoteSwiftPackageReference "firebase-ios-sdk" */;
			productName = FirebaseFunctions;
		};
		78AEC5C52CAFF64D00FBD8E7 /* FirebaseFunctionsCombine-Community */ = {
			isa = XCSwiftPackageProductDependency;
			package = 78AEC5A82CAFF64D00FBD8E7 /* XCRemoteSwiftPackageReference "firebase-ios-sdk" */;
			productName = "FirebaseFunctionsCombine-Community";
		};
		78AEC5C72CAFF64D00FBD8E7 /* FirebaseInAppMessaging-Beta */ = {
			isa = XCSwiftPackageProductDependency;
			package = 78AEC5A82CAFF64D00FBD8E7 /* XCRemoteSwiftPackageReference "firebase-ios-sdk" */;
			productName = "FirebaseInAppMessaging-Beta";
		};
		78AEC5C92CAFF64D00FBD8E7 /* FirebaseInstallations */ = {
			isa = XCSwiftPackageProductDependency;
			package = 78AEC5A82CAFF64D00FBD8E7 /* XCRemoteSwiftPackageReference "firebase-ios-sdk" */;
			productName = FirebaseInstallations;
		};
		78AEC5CB2CAFF64D00FBD8E7 /* FirebaseMLModelDownloader */ = {
			isa = XCSwiftPackageProductDependency;
			package = 78AEC5A82CAFF64D00FBD8E7 /* XCRemoteSwiftPackageReference "firebase-ios-sdk" */;
			productName = FirebaseMLModelDownloader;
		};
		78AEC5CD2CAFF64D00FBD8E7 /* FirebaseMessaging */ = {
			isa = XCSwiftPackageProductDependency;
			package = 78AEC5A82CAFF64D00FBD8E7 /* XCRemoteSwiftPackageReference "firebase-ios-sdk" */;
			productName = FirebaseMessaging;
		};
		78AEC5CF2CAFF64D00FBD8E7 /* FirebasePerformance */ = {
			isa = XCSwiftPackageProductDependency;
			package = 78AEC5A82CAFF64D00FBD8E7 /* XCRemoteSwiftPackageReference "firebase-ios-sdk" */;
			productName = FirebasePerformance;
		};
		78AEC5D12CAFF64D00FBD8E7 /* FirebaseRemoteConfig */ = {
			isa = XCSwiftPackageProductDependency;
			package = 78AEC5A82CAFF64D00FBD8E7 /* XCRemoteSwiftPackageReference "firebase-ios-sdk" */;
			productName = FirebaseRemoteConfig;
		};
		78AEC5D32CAFF64D00FBD8E7 /* FirebaseStorage */ = {
			isa = XCSwiftPackageProductDependency;
			package = 78AEC5A82CAFF64D00FBD8E7 /* XCRemoteSwiftPackageReference "firebase-ios-sdk" */;
			productName = FirebaseStorage;
		};
		78AEC5D52CAFF64D00FBD8E7 /* FirebaseStorageCombine-Community */ = {
			isa = XCSwiftPackageProductDependency;
			package = 78AEC5A82CAFF64D00FBD8E7 /* XCRemoteSwiftPackageReference "firebase-ios-sdk" */;
			productName = "FirebaseStorageCombine-Community";
		};
		78AEC5D72CAFF64D00FBD8E7 /* FirebaseVertexAI-Preview */ = {
			isa = XCSwiftPackageProductDependency;
			package = 78AEC5A82CAFF64D00FBD8E7 /* XCRemoteSwiftPackageReference "firebase-ios-sdk" */;
			productName = "FirebaseVertexAI-Preview";
		};
/* End XCSwiftPackageProductDependency section */
	};
	rootObject = 78E169D12C7CE1E50081BE53 /* Project object */;
}
